
Microsoft Visual Studio Solution File, Format Version 12.00
# Visual Studio Version 17
VisualStudioVersion = 17.6.33815.320
MinimumVisualStudioVersion = 10.0.40219.1
Project("{9A19103F-16F7-4668-BE54-9A1E7A4F7556}") = "BetterInfinityNikki", "BetterInfinityNikki\BetterInfinityNikki.csproj", "{00000000-0000-0000-0000-000000000000}"
EndProject
Project("{9A19103F-16F7-4668-BE54-9A1E7A4F7556}") = "Fischless.GameCapture", "Fischless.GameCapture\Fischless.GameCapture.csproj", "{6B0A3D96-D88D-48DD-8112-4CD5BA5D27CE}"
EndProject
Project("{9A19103F-16F7-4668-BE54-9A1E7A4F7556}") = "Fischless.HotkeyCapture", "Fischless.HotkeyCapture\Fischless.HotkeyCapture.csproj", "{08152E44-2564-46C5-B5B2-54DD43C01A79}"
EndProject
Project("{9A19103F-16F7-4668-BE54-9A1E7A4F7556}") = "Fischless.WindowsInput", "Fischless.WindowsInput\Fischless.WindowsInput.csproj", "{9D00BC7A-9280-4AC9-8951-4502EDB71B76}"
EndProject
Project("{2150E333-8FDC-42A3-9474-1A3956D46DE8}") = "Test", "Test", "{F262289B-FD08-41E7-9B7D-480C28F970EC}"
EndProject
Project("{FAE04EC0-301F-11D3-BF4B-00C04F79EFBC}") = "BetterInfinityNikki.Test", "Test\BetterInfinityNikki.Test\BetterInfinityNikki.Test.csproj", "{5C9F4248-5592-4372-8BBC-636F4B23DD25}"
EndProject
Global
	GlobalSection(SolutionConfigurationPlatforms) = preSolution
		Debug|Any CPU = Debug|Any CPU
		Debug|x64 = Debug|x64
		Release|Any CPU = Release|Any CPU
		Release|x64 = Release|x64
	EndGlobalSection
	GlobalSection(ProjectConfigurationPlatforms) = postSolution
		{6B0A3D96-D88D-48DD-8112-4CD5BA5D27CE}.Debug|Any CPU.ActiveCfg = Debug|x64
		{6B0A3D96-D88D-48DD-8112-4CD5BA5D27CE}.Debug|Any CPU.Build.0 = Debug|x64
		{6B0A3D96-D88D-48DD-8112-4CD5BA5D27CE}.Debug|x64.ActiveCfg = Debug|x64
		{6B0A3D96-D88D-48DD-8112-4CD5BA5D27CE}.Debug|x64.Build.0 = Debug|x64
		{6B0A3D96-D88D-48DD-8112-4CD5BA5D27CE}.Release|Any CPU.ActiveCfg = Release|x64
		{6B0A3D96-D88D-48DD-8112-4CD5BA5D27CE}.Release|Any CPU.Build.0 = Release|x64
		{6B0A3D96-D88D-48DD-8112-4CD5BA5D27CE}.Release|x64.ActiveCfg = Release|x64
		{6B0A3D96-D88D-48DD-8112-4CD5BA5D27CE}.Release|x64.Build.0 = Release|x64
		{08152E44-2564-46C5-B5B2-54DD43C01A79}.Debug|Any CPU.ActiveCfg = Debug|x64
		{08152E44-2564-46C5-B5B2-54DD43C01A79}.Debug|Any CPU.Build.0 = Debug|x64
		{08152E44-2564-46C5-B5B2-54DD43C01A79}.Debug|x64.ActiveCfg = Debug|x64
		{08152E44-2564-46C5-B5B2-54DD43C01A79}.Debug|x64.Build.0 = Debug|x64
		{08152E44-2564-46C5-B5B2-54DD43C01A79}.Release|Any CPU.ActiveCfg = Release|x64
		{08152E44-2564-46C5-B5B2-54DD43C01A79}.Release|Any CPU.Build.0 = Release|x64
		{08152E44-2564-46C5-B5B2-54DD43C01A79}.Release|x64.ActiveCfg = Release|x64
		{08152E44-2564-46C5-B5B2-54DD43C01A79}.Release|x64.Build.0 = Release|x64
		{9D00BC7A-9280-4AC9-8951-4502EDB71B76}.Debug|Any CPU.ActiveCfg = Debug|x64
		{9D00BC7A-9280-4AC9-8951-4502EDB71B76}.Debug|Any CPU.Build.0 = Debug|x64
		{9D00BC7A-9280-4AC9-8951-4502EDB71B76}.Debug|x64.ActiveCfg = Debug|x64
		{9D00BC7A-9280-4AC9-8951-4502EDB71B76}.Debug|x64.Build.0 = Debug|x64
		{9D00BC7A-9280-4AC9-8951-4502EDB71B76}.Release|Any CPU.ActiveCfg = Release|x64
		{9D00BC7A-9280-4AC9-8951-4502EDB71B76}.Release|Any CPU.Build.0 = Release|x64
		{9D00BC7A-9280-4AC9-8951-4502EDB71B76}.Release|x64.ActiveCfg = Release|x64
		{9D00BC7A-9280-4AC9-8951-4502EDB71B76}.Release|x64.Build.0 = Release|x64
		{00000000-0000-0000-0000-000000000000}.Debug|Any CPU.ActiveCfg = Debug|x64
		{00000000-0000-0000-0000-000000000000}.Debug|Any CPU.Build.0 = Debug|x64
		{5C9F4248-5592-4372-8BBC-636F4B23DD25}.Debug|Any CPU.ActiveCfg = Debug|x64
		{5C9F4248-5592-4372-8BBC-636F4B23DD25}.Debug|Any CPU.Build.0 = Debug|x64
		{5C9F4248-5592-4372-8BBC-636F4B23DD25}.Debug|x64.ActiveCfg = Debug|x64
		{5C9F4248-5592-4372-8BBC-636F4B23DD25}.Debug|x64.Build.0 = Debug|x64
		{5C9F4248-5592-4372-8BBC-636F4B23DD25}.Release|Any CPU.ActiveCfg = Release|x64
		{5C9F4248-5592-4372-8BBC-636F4B23DD25}.Release|Any CPU.Build.0 = Release|x64
		{5C9F4248-5592-4372-8BBC-636F4B23DD25}.Release|x64.ActiveCfg = Release|x64
		{5C9F4248-5592-4372-8BBC-636F4B23DD25}.Release|x64.Build.0 = Release|x64
	EndGlobalSection
	GlobalSection(SolutionProperties) = preSolution
		HideSolutionNode = FALSE
	EndGlobalSection
	GlobalSection(ExtensibilityGlobals) = postSolution
		SolutionGuid = {B2C3D4E5-F6G7-48H9-I0J1-K2L3M4N5O6P7}
	EndGlobalSection
	GlobalSection(NestedProjects) = preSolution
		{5C9F4248-5592-4372-8BBC-636F4B23DD25} = {F262289B-FD08-41E7-9B7D-480C28F970EC}
	EndGlobalSection
EndGlobal
